
Microsoft Visual Studio Solution File, Format Version 12.00
# Visual Studio Version 17
VisualStudioVersion = 17.14.37411.7
MinimumVisualStudioVersion = 10.0.40219.1
Project("{FAE04EC0-301F-11D3-BF4B-00C04F79EFBC}") = "TodoApp", "TodoApp.csproj", "{FE7A51CA-1C2C-48AE-D8D1-23129812C9DF}"
EndProject
Global
	GlobalSection(SolutionConfigurationPlatforms) = preSolution
		Debug|Any CPU = Debug|Any CPU
		Release|Any CPU = Release|Any CPU
	EndGlobalSection
	GlobalSection(ProjectConfigurationPlatforms) = postSolution
		{FE7A51CA-1C2C-48AE-D8D1-23129812C9DF}.Debug|Any CPU.ActiveCfg = Debug|Any CPU
		{FE7A51CA-1C2C-48AE-D8D1-23129812C9DF}.Debug|Any CPU.Build.0 = Debug|Any CPU
		{FE7A51CA-1C2C-48AE-D8D1-23129812C9DF}.Release|Any CPU.ActiveCfg = Release|Any CPU
		{FE7A51CA-1C2C-48AE-D8D1-23129812C9DF}.Release|Any CPU.Build.0 = Release|Any CPU
	EndGlobalSection
	GlobalSection(SolutionProperties) = preSolution
		HideSolutionNode = FALSE
	EndGlobalSection
	GlobalSection(ExtensibilityGlobals) = postSolution
		SolutionGuid = {C5D62D80-6965-4A60-844A-CF61989942C3}
	EndGlobalSection
EndGlobal
